Microsoft Visual Studio Solution File, Format Version 12.00
# Visual Studio 2013
VisualStudioVersion = 12.0.21005.1
MinimumVisualStudioVersion = 10.0.40219.1
Project("{FAE04EC0-301F-11D3-BF4B-00C04F79EFBC}") = "graunt", "graunt\graunt.csproj", "{07A7B9EC-919A-4B64-A301-D240CE892608}"
EndProject
Project("{2150E333-8FDC-42A3-9474-1A3956D46DE8}") = "Solution Items", "Solution Items", "{FCD639EB-15D4-42E3-9963-52F30629972B}"
	ProjectSection(SolutionItems) = preProject
		Performance1.psess = Performance1.psess
	EndProjectSection
EndProject
Global
	GlobalSection(SolutionConfigurationPlatforms) = preSolution
		Debug|Any CPU = Debug|Any CPU
		Release|Any CPU = Release|Any CPU
	EndGlobalSection
	GlobalSection(ProjectConfigurationPlatforms) = postSolution
		{07A7B9EC-919A-4B64-A301-D240CE892608}.Debug|Any CPU.ActiveCfg = Debug|Any CPU
		{07A7B9EC-919A-4B64-A301-D240CE892608}.Debug|Any CPU.Build.0 = Debug|Any CPU
		{07A7B9EC-919A-4B64-A301-D240CE892608}.Release|Any CPU.ActiveCfg = Release|Any CPU
		{07A7B9EC-919A-4B64-A301-D240CE892608}.Release|Any CPU.Build.0 = Release|Any CPU
	EndGlobalSection
	GlobalSection(SolutionProperties) = preSolution
		HideSolutionNode = FALSE
	EndGlobalSection
EndGlobal
